
Microsoft Visual Studio Solution File, Format Version 12.00
# Visual Studio 15
Project("{FAE04EC0-301F-11D3-BF4B-00C04F79EFBC}") = "Assembly-CSharp-firstpass", "Assembly-CSharp-firstpass.csproj", "{4497BA20-A636-F89A-5BDE-D3330B87C619}"
EndProject
Project("{FAE04EC0-301F-11D3-BF4B-00C04F79EFBC}") = "Assembly-CSharp", "Assembly-CSharp.csproj", "{355972C8-CAC7-AFB5-A49E-FF23139C0E24}"
EndProject
Project("{FAE04EC0-301F-11D3-BF4B-00C04F79EFBC}") = "Assembly-CSharp-Editor-firstpass", "Assembly-CSharp-Editor-firstpass.csproj", "{126D8E44-A618-3C60-C3CD-02EB508DFF0A}"
EndProject
Global
	GlobalSection(SolutionConfigurationPlatforms) = preSolution
		Debug|Any CPU = Debug|Any CPU
		Release|Any CPU = Release|Any CPU
	EndGlobalSection
	GlobalSection(ProjectConfigurationPlatforms) = postSolution
		{4497BA20-A636-F89A-5BDE-D3330B87C619}.Debug|Any CPU.ActiveCfg = Debug|Any CPU
		{4497BA20-A636-F89A-5BDE-D3330B87C619}.Debug|Any CPU.Build.0 = Debug|Any CPU
		{4497BA20-A636-F89A-5BDE-D3330B87C619}.Release|Any CPU.ActiveCfg = Release|Any CPU
		{4497BA20-A636-F89A-5BDE-D3330B87C619}.Release|Any CPU.Build.0 = Release|Any CPU
		{355972C8-CAC7-AFB5-A49E-FF23139C0E24}.Debug|Any CPU.ActiveCfg = Debug|Any CPU
		{355972C8-CAC7-AFB5-A49E-FF23139C0E24}.Debug|Any CPU.Build.0 = Debug|Any CPU
		{355972C8-CAC7-AFB5-A49E-FF23139C0E24}.Release|Any CPU.ActiveCfg = Release|Any CPU
		{355972C8-CAC7-AFB5-A49E-FF23139C0E24}.Release|Any CPU.Build.0 = Release|Any CPU
		{126D8E44-A618-3C60-C3CD-02EB508DFF0A}.Debug|Any CPU.ActiveCfg = Debug|Any CPU
		{126D8E44-A618-3C60-C3CD-02EB508DFF0A}.Debug|Any CPU.Build.0 = Debug|Any CPU
		{126D8E44-A618-3C60-C3CD-02EB508DFF0A}.Release|Any CPU.ActiveCfg = Release|Any CPU
		{126D8E44-A618-3C60-C3CD-02EB508DFF0A}.Release|Any CPU.Build.0 = Release|Any CPU
	EndGlobalSection
	GlobalSection(SolutionProperties) = preSolution
		HideSolutionNode = FALSE
	EndGlobalSection
EndGlobal
